// !$*UTF8*$!
{
	archiveVersion = 1;
	classes = {
	};
	objectVersion = 46;
	objects = {

/* Begin PBXBuildFile section */
		457C6C761E0131BA00AE8581 /* AppDelegate.swift in Sources */ = {isa = PBXBuildFile; fileRef = 457C6C751E0131BA00AE8581 /* AppDelegate.swift */; };
		457C6C781E0131BA00AE8581 /* Menu.swift in Sources */ = {isa = PBXBuildFile; fileRef = 457C6C771E0131BA00AE8581 /* Menu.swift */; };
		457C6C7D1E0131BA00AE8581 /* Images.xcassets in Resources */ = {isa = PBXBuildFile; fileRef = 457C6C7C1E0131BA00AE8581 /* Images.xcassets */; };
		457C6C801E0131BA00AE8581 /* LaunchScreen.xib in Resources */ = {isa = PBXBuildFile; fileRef = 457C6C7E1E0131BA00AE8581 /* LaunchScreen.xib */; };
		457C6C8C1E0131BB00AE8581 /* CuoiKi_TuanTests.swift in Sources */ = {isa = PBXBuildFile; fileRef = 457C6C8B1E0131BB00AE8581 /* CuoiKi_TuanTests.swift */; };
		457C6C961E01330400AE8581 /* OnTapViewController.swift in Sources */ = {isa = PBXBuildFile; fileRef = 457C6C951E01330400AE8581 /* OnTapViewController.swift */; };
		457C6C9B1E01388600AE8581 /* cothenguoi.jpg in Resources */ = {isa = PBXBuildFile; fileRef = 457C6C981E01388600AE8581 /* cothenguoi.jpg */; };
		457C6C9C1E01388600AE8581 /* theothao.jpg in Resources */ = {isa = PBXBuildFile; fileRef = 457C6C991E01388600AE8581 /* theothao.jpg */; };
		457C6C9D1E01388600AE8581 /* thucpham.jpg in Resources */ = {isa = PBXBuildFile; fileRef = 457C6C9A1E01388600AE8581 /* thucpham.jpg */; };
		457C6C9F1E0142AE00AE8581 /* Main.storyboard in Resources */ = {isa = PBXBuildFile; fileRef = 457C6C9E1E0142AE00AE8581 /* Main.storyboard */; };
		457C6CA11E01451C00AE8581 /* PlayViewController.swift in Sources */ = {isa = PBXBuildFile; fileRef = 457C6CA01E01451B00AE8581 /* PlayViewController.swift */; };
		457C6CAF1E0145B000AE8581 /* Archery.png in Resources */ = {isa = PBXBuildFile; fileRef = 457C6CA31E0145B000AE8581 /* Archery.png */; };
		457C6CB01E0145B000AE8581 /* Badminton.png in Resources */ = {isa = PBXBuildFile; fileRef = 457C6CA41E0145B000AE8581 /* Badminton.png */; };
		457C6CB11E0145B000AE8581 /* Baseball.png in Resources */ = {isa = PBXBuildFile; fileRef = 457C6CA51E0145B000AE8581 /* Baseball.png */; };
		457C6CB21E0145B000AE8581 /* Basketball.png in Resources */ = {isa = PBXBuildFile; fileRef = 457C6CA61E0145B000AE8581 /* Basketball.png */; };
		457C6CB31E0145B000AE8581 /* Boxing.png in Resources */ = {isa = PBXBuildFile; fileRef = 457C6CA71E0145B000AE8581 /* Boxing.png */; };
		457C6CB41E0145B000AE8581 /* Cycling.png in Resources */ = {isa = PBXBuildFile; fileRef = 457C6CA81E0145B000AE8581 /* Cycling.png */; };
		457C6CB51E0145B000AE8581 /* Darts.png in Resources */ = {isa = PBXBuildFile; fileRef = 457C6CA91E0145B000AE8581 /* Darts.png */; };
		457C6CB61E0145B000AE8581 /* Football.png in Resources */ = {isa = PBXBuildFile; fileRef = 457C6CAA1E0145B000AE8581 /* Football.png */; };
		457C6CB71E0145B000AE8581 /* Golf.png in Resources */ = {isa = PBXBuildFile; fileRef = 457C6CAB1E0145B000AE8581 /* Golf.png */; };
		457C6CB81E0145B000AE8581 /* HorseRacing.png in Resources */ = {isa = PBXBuildFile; fileRef = 457C6CAC1E0145B000AE8581 /* HorseRacing.png */; };
		457C6CB91E0145B000AE8581 /* Snooker.png in Resources */ = {isa = PBXBuildFile; fileRef = 457C6CAD1E0145B000AE8581 /* Snooker.png */; };
		457C6CBA1E0145B000AE8581 /* TableTennis.png in Resources */ = {isa = PBXBuildFile; fileRef = 457C6CAE1E0145B000AE8581 /* TableTennis.png */; };
		4580B71C1E03E57400BA5F9F /* PlayModeViewController.swift in Sources */ = {isa = PBXBuildFile; fileRef = 4580B71B1E03E57400BA5F9F /* PlayModeViewController.swift */; };
		4580B72D1E03E86400BA5F9F /* Elbow.png in Resources */ = {isa = PBXBuildFile; fileRef = 4580B71E1E03E86400BA5F9F /* Elbow.png */; };
		4580B72E1E03E86400BA5F9F /* Eye.png in Resources */ = {isa = PBXBuildFile; fileRef = 4580B71F1E03E86400BA5F9F /* Eye.png */; };
		4580B72F1E03E86400BA5F9F /* Eyebrow.png in Resources */ = {isa = PBXBuildFile; fileRef = 4580B7201E03E86400BA5F9F /* Eyebrow.png */; };
		4580B7301E03E86400BA5F9F /* Eyslasher.png in Resources */ = {isa = PBXBuildFile; fileRef = 4580B7211E03E86400BA5F9F /* Eyslasher.png */; };
		4580B7311E03E86400BA5F9F /* Finger.png in Resources */ = {isa = PBXBuildFile; fileRef = 4580B7221E03E86400BA5F9F /* Finger.png */; };
		4580B7321E03E86400BA5F9F /* Fist.png in Resources */ = {isa = PBXBuildFile; fileRef = 4580B7231E03E86400BA5F9F /* Fist.png */; };
		4580B7331E03E86400BA5F9F /* Foot.png in Resources */ = {isa = PBXBuildFile; fileRef = 4580B7241E03E86400BA5F9F /* Foot.png */; };
		4580B7341E03E86400BA5F9F /* Forehead.png in Resources */ = {isa = PBXBuildFile; fileRef = 4580B7251E03E86400BA5F9F /* Forehead.png */; };
		4580B7351E03E86400BA5F9F /* Gums.png in Resources */ = {isa = PBXBuildFile; fileRef = 4580B7261E03E86400BA5F9F /* Gums.png */; };
		4580B7361E03E86400BA5F9F /* Hair.png in Resources */ = {isa = PBXBuildFile; fileRef = 4580B7271E03E86400BA5F9F /* Hair.png */; };
		4580B7371E03E86400BA5F9F /* Hand.png in Resources */ = {isa = PBXBuildFile; fileRef = 4580B7281E03E86400BA5F9F /* Hand.png */; };
		4580B7381E03E86400BA5F9F /* Head.png in Resources */ = {isa = PBXBuildFile; fileRef = 4580B7291E03E86400BA5F9F /* Head.png */; };
		4580B7391E03E86400BA5F9F /* Heel.png in Resources */ = {isa = PBXBuildFile; fileRef = 4580B72A1E03E86400BA5F9F /* Heel.png */; };
		4580B73A1E03E86400BA5F9F /* IndexFinger.png in Resources */ = {isa = PBXBuildFile; fileRef = 4580B72B1E03E86400BA5F9F /* IndexFinger.png */; };
		4580B73B1E03E86400BA5F9F /* Iris.png in Resources */ = {isa = PBXBuildFile; fileRef = 4580B72C1E03E86400BA5F9F /* Iris.png */; };
		4580B75D1E03E86F00BA5F9F /* Apple.png in Resources */ = {isa = PBXBuildFile; fileRef = 4580B73D1E03E86F00BA5F9F /* Apple.png */; };
		4580B75E1E03E86F00BA5F9F /* Avocado.png in Resources */ = {isa = PBXBuildFile; fileRef = 4580B73E1E03E86F00BA5F9F /* Avocado.png */; };
		4580B75F1E03E86F00BA5F9F /* Banana.png in Resources */ = {isa = PBXBuildFile; fileRef = 4580B73F1E03E86F00BA5F9F /* Banana.png */; };
		4580B7601E03E86F00BA5F9F /* Bread.png in Resources */ = {isa = PBXBuildFile; fileRef = 4580B7401E03E86F00BA5F9F /* Bread.png */; };
		4580B7611E03E86F00BA5F9F /* Cake.png in Resources */ = {isa = PBXBuildFile; fileRef = 4580B7411E03E86F00BA5F9F /* Cake.png */; };
		4580B7621E03E86F00BA5F9F /* Cheese.png in Resources */ = {isa = PBXBuildFile; fileRef = 4580B7421E03E86F00BA5F9F /* Cheese.png */; };
		4580B7631E03E86F00BA5F9F /* Chicken.png in Resources */ = {isa = PBXBuildFile; fileRef = 4580B7431E03E86F00BA5F9F /* Chicken.png */; };
		4580B7641E03E86F00BA5F9F /* Chocolate.png in Resources */ = {isa = PBXBuildFile; fileRef = 4580B7441E03E86F00BA5F9F /* Chocolate.png */; };
		4580B7651E03E86F00BA5F9F /* Cookie.png in Resources */ = {isa = PBXBuildFile; fileRef = 4580B7451E03E86F00BA5F9F /* Cookie.png */; };
		4580B7661E03E86F00BA5F9F /* Corn.png in Resources */ = {isa = PBXBuildFile; fileRef = 4580B7461E03E86F00BA5F9F /* Corn.png */; };
		4580B7671E03E86F00BA5F9F /* Cucumber.png in Resources */ = {isa = PBXBuildFile; fileRef = 4580B7471E03E86F00BA5F9F /* Cucumber.png */; };
		4580B7681E03E86F00BA5F9F /* Egg.png in Resources */ = {isa = PBXBuildFile; fileRef = 4580B7481E03E86F00BA5F9F /* Egg.png */; };
		4580B7691E03E86F00BA5F9F /* Fruit.png in Resources */ = {isa = PBXBuildFile; fileRef = 4580B7491E03E86F00BA5F9F /* Fruit.png */; };
		4580B76A1E03E86F00BA5F9F /* Grapes.png in Resources */ = {isa = PBXBuildFile; fileRef = 4580B74A1E03E86F00BA5F9F /* Grapes.png */; };
		4580B76B1E03E86F00BA5F9F /* Hamberger.png in Resources */ = {isa = PBXBuildFile; fileRef = 4580B74B1E03E86F00BA5F9F /* Hamberger.png */; };
		4580B76C1E03E86F00BA5F9F /* HotDog.png in Resources */ = {isa = PBXBuildFile; fileRef = 4580B74C1E03E86F00BA5F9F /* HotDog.png */; };
		4580B76D1E03E86F00BA5F9F /* lemon.png in Resources */ = {isa = PBXBuildFile; fileRef = 4580B74D1E03E86F00BA5F9F /* lemon.png */; };
		4580B76E1E03E86F00BA5F9F /* Meat.png in Resources */ = {isa = PBXBuildFile; fileRef = 4580B74E1E03E86F00BA5F9F /* Meat.png */; };
		4580B76F1E03E86F00BA5F9F /* Melon.png in Resources */ = {isa = PBXBuildFile; fileRef = 4580B74F1E03E86F00BA5F9F /* Melon.png */; };
		4580B7701E03E86F00BA5F9F /* Onion.png in Resources */ = {isa = PBXBuildFile; fileRef = 4580B7501E03E86F00BA5F9F /* Onion.png */; };
		4580B7711E03E86F00BA5F9F /* Organge.png in Resources */ = {isa = PBXBuildFile; fileRef = 4580B7511E03E86F00BA5F9F /* Organge.png */; };
		4580B7721E03E86F00BA5F9F /* Pepper.png in Resources */ = {isa = PBXBuildFile; fileRef = 4580B7521E03E86F00BA5F9F /* Pepper.png */; };
		4580B7731E03E86F00BA5F9F /* Pizza.png in Resources */ = {isa = PBXBuildFile; fileRef = 4580B7531E03E86F00BA5F9F /* Pizza.png */; };
		4580B7741E03E86F00BA5F9F /* Potato.png in Resources */ = {isa = PBXBuildFile; fileRef = 4580B7541E03E86F00BA5F9F /* Potato.png */; };
		4580B7751E03E86F00BA5F9F /* Rice.png in Resources */ = {isa = PBXBuildFile; fileRef = 4580B7551E03E86F00BA5F9F /* Rice.png */; };
		4580B7761E03E86F00BA5F9F /* Salad.png in Resources */ = {isa = PBXBuildFile; fileRef = 4580B7561E03E86F00BA5F9F /* Salad.png */; };
		4580B7771E03E86F00BA5F9F /* Salt.png in Resources */ = {isa = PBXBuildFile; fileRef = 4580B7571E03E86F00BA5F9F /* Salt.png */; };
		4580B7781E03E86F00BA5F9F /* Sandwich.png in Resources */ = {isa = PBXBuildFile; fileRef = 4580B7581E03E86F00BA5F9F /* Sandwich.png */; };
		4580B7791E03E86F00BA5F9F /* Soup.png in Resources */ = {isa = PBXBuildFile; fileRef = 4580B7591E03E86F00BA5F9F /* Soup.png */; };
		4580B77A1E03E86F00BA5F9F /* Tomato.png in Resources */ = {isa = PBXBuildFile; fileRef = 4580B75A1E03E86F00BA5F9F /* Tomato.png */; };
		4580B77B1E03E86F00BA5F9F /* Vegetables.png in Resources */ = {isa = PBXBuildFile; fileRef = 4580B75B1E03E86F00BA5F9F /* Vegetables.png */; };
		4580B77C1E03E86F00BA5F9F /* WaterMelon.png in Resources */ = {isa = PBXBuildFile; fileRef = 4580B75C1E03E86F00BA5F9F /* WaterMelon.png */; };
		45C3BA321E022C62005A19CE /* EndGameViewController.swift in Sources */ = {isa = PBXBuildFile; fileRef = 45C3BA311E022C62005A19CE /* EndGameViewController.swift */; };
/* End PBXBuildFile section */

/* Begin PBXContainerItemProxy section */
		457C6C861E0131BB00AE8581 /* PBXContainerItemProxy */ = {
			isa = PBXContainerItemProxy;
			containerPortal = 457C6C681E0131BA00AE8581 /* Project object */;
			proxyType = 1;
			remoteGlobalIDString = 457C6C6F1E0131BA00AE8581;
			remoteInfo = CuoiKi_Tuan;
		};
/* End PBXContainerItemProxy section */

/* Begin PBXFileReference section */
		457C6C701E0131BA00AE8581 /* CuoiKi_Tuan.app */ = {isa = PBXFileReference; explicitFileType = wrapper.application; includeInIndex = 0; path = CuoiKi_Tuan.app; sourceTree = BUILT_PRODUCTS_DIR; };
		457C6C741E0131BA00AE8581 /* Info.plist */ = {isa = PBXFileReference; lastKnownFileType = text.plist.xml; path = Info.plist; sourceTree = "<group>"; };
		457C6C751E0131BA00AE8581 /* AppDelegate.swift */ = {isa = PBXFileReference; lastKnownFileType = sourcecode.swift; path = AppDelegate.swift; sourceTree = "<group>"; };
		457C6C771E0131BA00AE8581 /* Menu.swift */ = {isa = PBXFileReference; lastKnownFileType = sourcecode.swift; path = Menu.swift; sourceTree = "<group>"; };
		457C6C7C1E0131BA00AE8581 /* Images.xcassets */ = {isa = PBXFileReference; lastKnownFileType = folder.assetcatalog; path = Images.xcassets; sourceTree = "<group>"; };
		457C6C7F1E0131BA00AE8581 /* Base */ = {isa = PBXFileReference; lastKnownFileType = file.xib; name = Base; path = Base.lproj/LaunchScreen.xib; sourceTree = "<group>"; };
		457C6C851E0131BB00AE8581 /* CuoiKi_TuanTests.xctest */ = {isa = PBXFileReference; explicitFileType = wrapper.cfbundle; includeInIndex = 0; path = CuoiKi_TuanTests.xctest; sourceTree = BUILT_PRODUCTS_DIR; };
		457C6C8A1E0131BB00AE8581 /* Info.plist */ = {isa = PBXFileReference; lastKnownFileType = text.plist.xml; path = Info.plist; sourceTree = "<group>"; };
		457C6C8B1E0131BB00AE8581 /* CuoiKi_TuanTests.swift */ = {isa = PBXFileReference; lastKnownFileType = sourcecode.swift; path = CuoiKi_TuanTests.swift; sourceTree = "<group>"; };
		457C6C951E01330400AE8581 /* OnTapViewController.swift */ = {isa = PBXFileReference; fileEncoding = 4; lastKnownFileType = sourcecode.swift; path = OnTapViewController.swift; sourceTree = "<group>"; };
		457C6C981E01388600AE8581 /* cothenguoi.jpg */ = {isa = PBXFileReference; lastKnownFileType = image.jpeg; path = cothenguoi.jpg; sourceTree = "<group>"; };
		457C6C991E01388600AE8581 /* theothao.jpg */ = {isa = PBXFileReference; lastKnownFileType = image.jpeg; path = theothao.jpg; sourceTree = "<group>"; };
		457C6C9A1E01388600AE8581 /* thucpham.jpg */ = {isa = PBXFileReference; lastKnownFileType = image.jpeg; path = thucpham.jpg; sourceTree = "<group>"; };
		457C6C9E1E0142AE00AE8581 /* Main.storyboard */ = {isa = PBXFileReference; fileEncoding = 4; lastKnownFileType = file.storyboard; name = Main.storyboard; path = GiuaKi_TongHop/Main.storyboard; sourceTree = "<group>"; };
		457C6CA01E01451B00AE8581 /* PlayViewController.swift */ = {isa = PBXFileReference; fileEncoding = 4; lastKnownFileType = sourcecode.swift; path = PlayViewController.swift; sourceTree = "<group>"; };
		457C6CA31E0145B000AE8581 /* Archery.png */ = {isa = PBXFileReference; lastKnownFileType = image.png; path = Archery.png; sourceTree = "<group>"; };
		457C6CA41E0145B000AE8581 /* Badminton.png */ = {isa = PBXFileReference; lastKnownFileType = image.png; path = Badminton.png; sourceTree = "<group>"; };
		457C6CA51E0145B000AE8581 /* Baseball.png */ = {isa = PBXFileReference; lastKnownFileType = image.png; path = Baseball.png; sourceTree = "<group>"; };
		457C6CA61E0145B000AE8581 /* Basketball.png */ = {isa = PBXFileReference; lastKnownFileType = image.png; path = Basketball.png; sourceTree = "<group>"; };
		457C6CA71E0145B000AE8581 /* Boxing.png */ = {isa = PBXFileReference; lastKnownFileType = image.png; path = Boxing.png; sourceTree = "<group>"; };
		457C6CA81E0145B000AE8581 /* Cycling.png */ = {isa = PBXFileReference; lastKnownFileType = image.png; path = Cycling.png; sourceTree = "<group>"; };
		457C6CA91E0145B000AE8581 /* Darts.png */ = {isa = PBXFileReference; lastKnownFileType = image.png; path = Darts.png; sourceTree = "<group>"; };
		457C6CAA1E0145B000AE8581 /* Football.png */ = {isa = PBXFileReference; lastKnownFileType = image.png; path = Football.png; sourceTree = "<group>"; };
		457C6CAB1E0145B000AE8581 /* Golf.png */ = {isa = PBXFileReference; lastKnownFileType = image.png; path = Golf.png; sourceTree = "<group>"; };
		457C6CAC1E0145B000AE8581 /* HorseRacing.png */ = {isa = PBXFileReference; lastKnownFileType = image.png; path = HorseRacing.png; sourceTree = "<group>"; };
		457C6CAD1E0145B000AE8581 /* Snooker.png */ = {isa = PBXFileReference; lastKnownFileType = image.png; path = Snooker.png; sourceTree = "<group>"; };
		457C6CAE1E0145B000AE8581 /* TableTennis.png */ = {isa = PBXFileReference; lastKnownFileType = image.png; path = TableTennis.png; sourceTree = "<group>"; };
		4580B71B1E03E57400BA5F9F /* PlayModeViewController.swift */ = {isa = PBXFileReference; fileEncoding = 4; lastKnownFileType = sourcecode.swift; path = PlayModeViewController.swift; sourceTree = "<group>"; };
		4580B71E1E03E86400BA5F9F /* Elbow.png */ = {isa = PBXFileReference; lastKnownFileType = image.png; path = Elbow.png; sourceTree = "<group>"; };
		4580B71F1E03E86400BA5F9F /* Eye.png */ = {isa = PBXFileReference; lastKnownFileType = image.png; path = Eye.png; sourceTree = "<group>"; };
		4580B7201E03E86400BA5F9F /* Eyebrow.png */ = {isa = PBXFileReference; lastKnownFileType = image.png; path = Eyebrow.png; sourceTree = "<group>"; };
		4580B7211E03E86400BA5F9F /* Eyslasher.png */ = {isa = PBXFileReference; lastKnownFileType = image.png; path = Eyslasher.png; sourceTree = "<group>"; };
		4580B7221E03E86400BA5F9F /* Finger.png */ = {isa = PBXFileReference; lastKnownFileType = image.png; path = Finger.png; sourceTree = "<group>"; };
		4580B7231E03E86400BA5F9F /* Fist.png */ = {isa = PBXFileReference; lastKnownFileType = image.png; path = Fist.png; sourceTree = "<group>"; };
		4580B7241E03E86400BA5F9F /* Foot.png */ = {isa = PBXFileReference; lastKnownFileType = image.png; path = Foot.png; sourceTree = "<group>"; };
		4580B7251E03E86400BA5F9F /* Forehead.png */ = {isa = PBXFileReference; lastKnownFileType = image.png; path = Forehead.png; sourceTree = "<group>"; };
		4580B7261E03E86400BA5F9F /* Gums.png */ = {isa = PBXFileReference; lastKnownFileType = image.png; path = Gums.png; sourceTree = "<group>"; };
		4580B7271E03E86400BA5F9F /* Hair.png */ = {isa = PBXFileReference; lastKnownFileType = image.png; path = Hair.png; sourceTree = "<group>"; };
		4580B7281E03E86400BA5F9F /* Hand.png */ = {isa = PBXFileReference; lastKnownFileType = image.png; path = Hand.png; sourceTree = "<group>"; };
		4580B7291E03E86400BA5F9F /* Head.png */ = {isa = PBXFileReference; lastKnownFileType = image.png; path = Head.png; sourceTree = "<group>"; };
		4580B72A1E03E86400BA5F9F /* Heel.png */ = {isa = PBXFileReference; lastKnownFileType = image.png; path = Heel.png; sourceTree = "<group>"; };
		4580B72B1E03E86400BA5F9F /* IndexFinger.png */ = {isa = PBXFileReference; lastKnownFileType = image.png; path = IndexFinger.png; sourceTree = "<group>"; };
		4580B72C1E03E86400BA5F9F /* Iris.png */ = {isa = PBXFileReference; lastKnownFileType = image.png; path = Iris.png; sourceTree = "<group>"; };
		4580B73D1E03E86F00BA5F9F /* Apple.png */ = {isa = PBXFileReference; lastKnownFileType = image.png; path = Apple.png; sourceTree = "<group>"; };
		4580B73E1E03E86F00BA5F9F /* Avocado.png */ = {isa = PBXFileReference; lastKnownFileType = image.png; path = Avocado.png; sourceTree = "<group>"; };
		4580B73F1E03E86F00BA5F9F /* Banana.png */ = {isa = PBXFileReference; lastKnownFileType = image.png; path = Banana.png; sourceTree = "<group>"; };
		4580B7401E03E86F00BA5F9F /* Bread.png */ = {isa = PBXFileReference; lastKnownFileType = image.png; path = Bread.png; sourceTree = "<group>"; };
		4580B7411E03E86F00BA5F9F /* Cake.png */ = {isa = PBXFileReference; lastKnownFileType = image.png; path = Cake.png; sourceTree = "<group>"; };
		4580B7421E03E86F00BA5F9F /* Cheese.png */ = {isa = PBXFileReference; lastKnownFileType = image.png; path = Cheese.png; sourceTree = "<group>"; };
		4580B7431E03E86F00BA5F9F /* Chicken.png */ = {isa = PBXFileReference; lastKnownFileType = image.png; path = Chicken.png; sourceTree = "<group>"; };
		4580B7441E03E86F00BA5F9F /* Chocolate.png */ = {isa = PBXFileReference; lastKnownFileType = image.png; path = Chocolate.png; sourceTree = "<group>"; };
		4580B7451E03E86F00BA5F9F /* Cookie.png */ = {isa = PBXFileReference; lastKnownFileType = image.png; path = Cookie.png; sourceTree = "<group>"; };
		4580B7461E03E86F00BA5F9F /* Corn.png */ = {isa = PBXFileReference; lastKnownFileType = image.png; path = Corn.png; sourceTree = "<group>"; };
		4580B7471E03E86F00BA5F9F /* Cucumber.png */ = {isa = PBXFileReference; lastKnownFileType = image.png; path = Cucumber.png; sourceTree = "<group>"; };
		4580B7481E03E86F00BA5F9F /* Egg.png */ = {isa = PBXFileReference; lastKnownFileType = image.png; path = Egg.png; sourceTree = "<group>"; };
		4580B7491E03E86F00BA5F9F /* Fruit.png */ = {isa = PBXFileReference; lastKnownFileType = image.png; path = Fruit.png; sourceTree = "<group>"; };
		4580B74A1E03E86F00BA5F9F /* Grapes.png */ = {isa = PBXFileReference; lastKnownFileType = image.png; path = Grapes.png; sourceTree = "<group>"; };
		4580B74B1E03E86F00BA5F9F /* Hamberger.png */ = {isa = PBXFileReference; lastKnownFileType = image.png; path = Hamberger.png; sourceTree = "<group>"; };
		4580B74C1E03E86F00BA5F9F /* HotDog.png */ = {isa = PBXFileReference; lastKnownFileType = image.png; path = HotDog.png; sourceTree = "<group>"; };
		4580B74D1E03E86F00BA5F9F /* lemon.png */ = {isa = PBXFileReference; lastKnownFileType = image.png; path = lemon.png; sourceTree = "<group>"; };
		4580B74E1E03E86F00BA5F9F /* Meat.png */ = {isa = PBXFileReference; lastKnownFileType = image.png; path = Meat.png; sourceTree = "<group>"; };
		4580B74F1E03E86F00BA5F9F /* Melon.png */ = {isa = PBXFileReference; lastKnownFileType = image.png; path = Melon.png; sourceTree = "<group>"; };
		4580B7501E03E86F00BA5F9F /* Onion.png */ = {isa = PBXFileReference; lastKnownFileType = image.png; path = Onion.png; sourceTree = "<group>"; };
		4580B7511E03E86F00BA5F9F /* Organge.png */ = {isa = PBXFileReference; lastKnownFileType = image.png; path = Organge.png; sourceTree = "<group>"; };
		4580B7521E03E86F00BA5F9F /* Pepper.png */ = {isa = PBXFileReference; lastKnownFileType = image.png; path = Pepper.png; sourceTree = "<group>"; };
		4580B7531E03E86F00BA5F9F /* Pizza.png */ = {isa = PBXFileReference; lastKnownFileType = image.png; path = Pizza.png; sourceTree = "<group>"; };
		4580B7541E03E86F00BA5F9F /* Potato.png */ = {isa = PBXFileReference; lastKnownFileType = image.png; path = Potato.png; sourceTree = "<group>"; };
		4580B7551E03E86F00BA5F9F /* Rice.png */ = {isa = PBXFileReference; lastKnownFileType = image.png; path = Rice.png; sourceTree = "<group>"; };
		4580B7561E03E86F00BA5F9F /* Salad.png */ = {isa = PBXFileReference; lastKnownFileType = image.png; path = Salad.png; sourceTree = "<group>"; };
		4580B7571E03E86F00BA5F9F /* Salt.png */ = {isa = PBXFileReference; lastKnownFileType = image.png; path = Salt.png; sourceTree = "<group>"; };
		4580B7581E03E86F00BA5F9F /* Sandwich.png */ = {isa = PBXFileReference; lastKnownFileType = image.png; path = Sandwich.png; sourceTree = "<group>"; };
		4580B7591E03E86F00BA5F9F /* Soup.png */ = {isa = PBXFileReference; lastKnownFileType = image.png; path = Soup.png; sourceTree = "<group>"; };
		4580B75A1E03E86F00BA5F9F /* Tomato.png */ = {isa = PBXFileReference; lastKnownFileType = image.png; path = Tomato.png; sourceTree = "<group>"; };
		4580B75B1E03E86F00BA5F9F /* Vegetables.png */ = {isa = PBXFileReference; lastKnownFileType = image.png; path = Vegetables.png; sourceTree = "<group>"; };
		4580B75C1E03E86F00BA5F9F /* WaterMelon.png */ = {isa = PBXFileReference; lastKnownFileType = image.png; path = WaterMelon.png; sourceTree = "<group>"; };
		45C3BA311E022C62005A19CE /* EndGameViewController.swift */ = {isa = PBXFileReference; fileEncoding = 4; lastKnownFileType = sourcecode.swift; path = EndGameViewController.swift; sourceTree = "<group>"; };
/* End PBXFileReference section */

/* Begin PBXFrameworksBuildPhase section */
		457C6C6D1E0131BA00AE8581 /* Frameworks */ = {
			isa = PBXFrameworksBuildPhase;
			buildActionMask = 2147483647;
			files = (
			);
			runOnlyForDeploymentPostprocessing = 0;
		};
		457C6C821E0131BB00AE8581 /* Frameworks */ = {
			isa = PBXFrameworksBuildPhase;
			buildActionMask = 2147483647;
			files = (
			);
			runOnlyForDeploymentPostprocessing = 0;
		};
/* End PBXFrameworksBuildPhase section */

/* Begin PBXGroup section */
		457C6C671E0131BA00AE8581 = {
			isa = PBXGroup;
			children = (
				457C6C721E0131BA00AE8581 /* CuoiKi_Tuan */,
				457C6C881E0131BB00AE8581 /* CuoiKi_TuanTests */,
				457C6C711E0131BA00AE8581 /* Products */,
			);
			sourceTree = "<group>";
		};
		457C6C711E0131BA00AE8581 /* Products */ = {
			isa = PBXGroup;
			children = (
				457C6C701E0131BA00AE8581 /* CuoiKi_Tuan.app */,
				457C6C851E0131BB00AE8581 /* CuoiKi_TuanTests.xctest */,
			);
			name = Products;
			sourceTree = "<group>";
		};
		457C6C721E0131BA00AE8581 /* CuoiKi_Tuan */ = {
			isa = PBXGroup;
			children = (
				4580B73C1E03E86F00BA5F9F /* thucpham */,
				4580B71D1E03E86400BA5F9F /* cothenguoi */,
				457C6CA21E0145B000AE8581 /* The Thao */,
				457C6C971E01388600AE8581 /* GiuaKi_TongHop */,
				457C6C751E0131BA00AE8581 /* AppDelegate.swift */,
				457C6C9E1E0142AE00AE8581 /* Main.storyboard */,
				4580B71B1E03E57400BA5F9F /* PlayModeViewController.swift */,
				45C3BA311E022C62005A19CE /* EndGameViewController.swift */,
				457C6CA01E01451B00AE8581 /* PlayViewController.swift */,
				457C6C771E0131BA00AE8581 /* Menu.swift */,
				457C6C951E01330400AE8581 /* OnTapViewController.swift */,
				457C6C7C1E0131BA00AE8581 /* Images.xcassets */,
				457C6C7E1E0131BA00AE8581 /* LaunchScreen.xib */,
				457C6C731E0131BA00AE8581 /* Supporting Files */,
			);
			path = CuoiKi_Tuan;
			sourceTree = "<group>";
		};
		457C6C731E0131BA00AE8581 /* Supporting Files */ = {
			isa = PBXGroup;
			children = (
				457C6C741E0131BA00AE8581 /* Info.plist */,
			);
			name = "Supporting Files";
			sourceTree = "<group>";
		};
		457C6C881E0131BB00AE8581 /* CuoiKi_TuanTests */ = {
			isa = PBXGroup;
			children = (
				457C6C8B1E0131BB00AE8581 /* CuoiKi_TuanTests.swift */,
				457C6C891E0131BB00AE8581 /* Supporting Files */,
			);
			path = CuoiKi_TuanTests;
			sourceTree = "<group>";
		};
		457C6C891E0131BB00AE8581 /* Supporting Files */ = {
			isa = PBXGroup;
			children = (
				457C6C8A1E0131BB00AE8581 /* Info.plist */,
			);
			name = "Supporting Files";
			sourceTree = "<group>";
		};
		457C6C971E01388600AE8581 /* GiuaKi_TongHop */ = {
			isa = PBXGroup;
			children = (
				457C6C981E01388600AE8581 /* cothenguoi.jpg */,
				457C6C991E01388600AE8581 /* theothao.jpg */,
				457C6C9A1E01388600AE8581 /* thucpham.jpg */,
			);
			path = GiuaKi_TongHop;
			sourceTree = "<group>";
		};
		457C6CA21E0145B000AE8581 /* The Thao */ = {
			isa = PBXGroup;
			children = (
				457C6CA31E0145B000AE8581 /* Archery.png */,
				457C6CA41E0145B000AE8581 /* Badminton.png */,
				457C6CA51E0145B000AE8581 /* Baseball.png */,
				457C6CA61E0145B000AE8581 /* Basketball.png */,
				457C6CA71E0145B000AE8581 /* Boxing.png */,
				457C6CA81E0145B000AE8581 /* Cycling.png */,
				457C6CA91E0145B000AE8581 /* Darts.png */,
				457C6CAA1E0145B000AE8581 /* Football.png */,
				457C6CAB1E0145B000AE8581 /* Golf.png */,
				457C6CAC1E0145B000AE8581 /* HorseRacing.png */,
				457C6CAD1E0145B000AE8581 /* Snooker.png */,
				457C6CAE1E0145B000AE8581 /* TableTennis.png */,
			);
			path = "The Thao";
			sourceTree = "<group>";
		};
		4580B71D1E03E86400BA5F9F /* cothenguoi */ = {
			isa = PBXGroup;
			children = (
				4580B71E1E03E86400BA5F9F /* Elbow.png */,
				4580B71F1E03E86400BA5F9F /* Eye.png */,
				4580B7201E03E86400BA5F9F /* Eyebrow.png */,
				4580B7211E03E86400BA5F9F /* Eyslasher.png */,
				4580B7221E03E86400BA5F9F /* Finger.png */,
				4580B7231E03E86400BA5F9F /* Fist.png */,
				4580B7241E03E86400BA5F9F /* Foot.png */,
				4580B7251E03E86400BA5F9F /* Forehead.png */,
				4580B7261E03E86400BA5F9F /* Gums.png */,
				4580B7271E03E86400BA5F9F /* Hair.png */,
				4580B7281E03E86400BA5F9F /* Hand.png */,
				4580B7291E03E86400BA5F9F /* Head.png */,
				4580B72A1E03E86400BA5F9F /* Heel.png */,
				4580B72B1E03E86400BA5F9F /* IndexFinger.png */,
				4580B72C1E03E86400BA5F9F /* Iris.png */,
			);
			path = cothenguoi;
			sourceTree = "<group>";
		};
		4580B73C1E03E86F00BA5F9F /* thucpham */ = {
			isa = PBXGroup;
			children = (
				4580B73D1E03E86F00BA5F9F /* Apple.png */,
				4580B73E1E03E86F00BA5F9F /* Avocado.png */,
				4580B73F1E03E86F00BA5F9F /* Banana.png */,
				4580B7401E03E86F00BA5F9F /* Bread.png */,
				4580B7411E03E86F00BA5F9F /* Cake.png */,
				4580B7421E03E86F00BA5F9F /* Cheese.png */,
				4580B7431E03E86F00BA5F9F /* Chicken.png */,
				4580B7441E03E86F00BA5F9F /* Chocolate.png */,
				4580B7451E03E86F00BA5F9F /* Cookie.png */,
				4580B7461E03E86F00BA5F9F /* Corn.png */,
				4580B7471E03E86F00BA5F9F /* Cucumber.png */,
				4580B7481E03E86F00BA5F9F /* Egg.png */,
				4580B7491E03E86F00BA5F9F /* Fruit.png */,
				4580B74A1E03E86F00BA5F9F /* Grapes.png */,
				4580B74B1E03E86F00BA5F9F /* Hamberger.png */,
				4580B74C1E03E86F00BA5F9F /* HotDog.png */,
				4580B74D1E03E86F00BA5F9F /* lemon.png */,
				4580B74E1E03E86F00BA5F9F /* Meat.png */,
				4580B74F1E03E86F00BA5F9F /* Melon.png */,
				4580B7501E03E86F00BA5F9F /* Onion.png */,
				4580B7511E03E86F00BA5F9F /* Organge.png */,
				4580B7521E03E86F00BA5F9F /* Pepper.png */,
				4580B7531E03E86F00BA5F9F /* Pizza.png */,
				4580B7541E03E86F00BA5F9F /* Potato.png */,
				4580B7551E03E86F00BA5F9F /* Rice.png */,
				4580B7561E03E86F00BA5F9F /* Salad.png */,
				4580B7571E03E86F00BA5F9F /* Salt.png */,
				4580B7581E03E86F00BA5F9F /* Sandwich.png */,
				4580B7591E03E86F00BA5F9F /* Soup.png */,
				4580B75A1E03E86F00BA5F9F /* Tomato.png */,
				4580B75B1E03E86F00BA5F9F /* Vegetables.png */,
				4580B75C1E03E86F00BA5F9F /* WaterMelon.png */,
			);
			path = thucpham;
			sourceTree = "<group>";
		};
/* End PBXGroup section */

/* Begin PBXNativeTarget section */
		457C6C6F1E0131BA00AE8581 /* CuoiKi_Tuan */ = {
			isa = PBXNativeTarget;
			buildConfigurationList = 457C6C8F1E0131BB00AE8581 /* Build configuration list for PBXNativeTarget "CuoiKi_Tuan" */;
			buildPhases = (
				457C6C6C1E0131BA00AE8581 /* Sources */,
				457C6C6D1E0131BA00AE8581 /* Frameworks */,
				457C6C6E1E0131BA00AE8581 /* Resources */,
			);
			buildRules = (
			);
			dependencies = (
			);
			name = CuoiKi_Tuan;
			productName = CuoiKi_Tuan;
			productReference = 457C6C701E0131BA00AE8581 /* CuoiKi_Tuan.app */;
			productType = "com.apple.product-type.application";
		};
		457C6C841E0131BB00AE8581 /* CuoiKi_TuanTests */ = {
			isa = PBXNativeTarget;
			buildConfigurationList = 457C6C921E0131BB00AE8581 /* Build configuration list for PBXNativeTarget "CuoiKi_TuanTests" */;
			buildPhases = (
				457C6C811E0131BB00AE8581 /* Sources */,
				457C6C821E0131BB00AE8581 /* Frameworks */,
				457C6C831E0131BB00AE8581 /* Resources */,
			);
			buildRules = (
			);
			dependencies = (
				457C6C871E0131BB00AE8581 /* PBXTargetDependency */,
			);
			name = CuoiKi_TuanTests;
			productName = CuoiKi_TuanTests;
			productReference = 457C6C851E0131BB00AE8581 /* CuoiKi_TuanTests.xctest */;
			productType = "com.apple.product-type.bundle.unit-test";
		};
/* End PBXNativeTarget section */

/* Begin PBXProject section */
		457C6C681E0131BA00AE8581 /* Project object */ = {
			isa = PBXProject;
			attributes = {
				LastUpgradeCheck = 0610;
				ORGANIZATIONNAME = "Huỳnh Thanh Tuấn";
				TargetAttributes = {
					457C6C6F1E0131BA00AE8581 = {
						CreatedOnToolsVersion = 6.1.1;
					};
					457C6C841E0131BB00AE8581 = {
						CreatedOnToolsVersion = 6.1.1;
						TestTargetID = 457C6C6F1E0131BA00AE8581;
					};
				};
			};
			buildConfigurationList = 457C6C6B1E0131BA00AE8581 /* Build configuration list for PBXProject "CuoiKi_Tuan" */;
			compatibilityVersion = "Xcode 3.2";
			developmentRegion = English;
			hasScannedForEncodings = 0;
			knownRegions = (
				en,
				Base,
			);
			mainGroup = 457C6C671E0131BA00AE8581;
			productRefGroup = 457C6C711E0131BA00AE8581 /* Products */;
			projectDirPath = "";
			projectRoot = "";
			targets = (
				457C6C6F1E0131BA00AE8581 /* CuoiKi_Tuan */,
				457C6C841E0131BB00AE8581 /* CuoiKi_TuanTests */,
			);
		};
/* End PBXProject section */

/* Begin PBXResourcesBuildPhase section */
		457C6C6E1E0131BA00AE8581 /* Resources */ = {
			isa = PBXResourcesBuildPhase;
			buildActionMask = 2147483647;
			files = (
				4580B7351E03E86400BA5F9F /* Gums.png in Resources */,
				4580B7301E03E86400BA5F9F /* Eyslasher.png in Resources */,
				4580B7691E03E86F00BA5F9F /* Fruit.png in Resources */,
				4580B77B1E03E86F00BA5F9F /* Vegetables.png in Resources */,
				4580B7311E03E86400BA5F9F /* Finger.png in Resources */,
				4580B7641E03E86F00BA5F9F /* Chocolate.png in Resources */,
				4580B7331E03E86400BA5F9F /* Foot.png in Resources */,
				4580B7671E03E86F00BA5F9F /* Cucumber.png in Resources */,
				4580B7681E03E86F00BA5F9F /* Egg.png in Resources */,
				457C6C801E0131BA00AE8581 /* LaunchScreen.xib in Resources */,
				4580B76A1E03E86F00BA5F9F /* Grapes.png in Resources */,
				457C6C9C1E01388600AE8581 /* theothao.jpg in Resources */,
				457C6CB91E0145B000AE8581 /* Snooker.png in Resources */,
				4580B7371E03E86400BA5F9F /* Hand.png in Resources */,
				457C6CB51E0145B000AE8581 /* Darts.png in Resources */,
				4580B7391E03E86400BA5F9F /* Heel.png in Resources */,
				4580B7741E03E86F00BA5F9F /* Potato.png in Resources */,
				4580B7751E03E86F00BA5F9F /* Rice.png in Resources */,
				457C6CB11E0145B000AE8581 /* Baseball.png in Resources */,
				457C6C9D1E01388600AE8581 /* thucpham.jpg in Resources */,
				4580B76D1E03E86F00BA5F9F /* lemon.png in Resources */,
				457C6CB21E0145B000AE8581 /* Basketball.png in Resources */,
				4580B7321E03E86400BA5F9F /* Fist.png in Resources */,
				4580B7341E03E86400BA5F9F /* Forehead.png in Resources */,
				4580B73B1E03E86400BA5F9F /* Iris.png in Resources */,
				457C6C9F1E0142AE00AE8581 /* Main.storyboard in Resources */,
				457C6CB81E0145B000AE8581 /* HorseRacing.png in Resources */,
				457C6C9B1E01388600AE8581 /* cothenguoi.jpg in Resources */,
				4580B7771E03E86F00BA5F9F /* Salt.png in Resources */,
				4580B7791E03E86F00BA5F9F /* Soup.png in Resources */,
				4580B7631E03E86F00BA5F9F /* Chicken.png in Resources */,
				4580B7731E03E86F00BA5F9F /* Pizza.png in Resources */,
				4580B7621E03E86F00BA5F9F /* Cheese.png in Resources */,
				4580B75E1E03E86F00BA5F9F /* Avocado.png in Resources */,
				4580B7701E03E86F00BA5F9F /* Onion.png in Resources */,
				457C6CB01E0145B000AE8581 /* Badminton.png in Resources */,
				4580B7781E03E86F00BA5F9F /* Sandwich.png in Resources */,
				457C6C7D1E0131BA00AE8581 /* Images.xcassets in Resources */,
				4580B7711E03E86F00BA5F9F /* Organge.png in Resources */,
				4580B76E1E03E86F00BA5F9F /* Meat.png in Resources */,
				4580B76B1E03E86F00BA5F9F /* Hamberger.png in Resources */,
				4580B72D1E03E86400BA5F9F /* Elbow.png in Resources */,
				4580B77C1E03E86F00BA5F9F /* WaterMelon.png in Resources */,
				4580B73A1E03E86400BA5F9F /* IndexFinger.png in Resources */,
				457C6CB61E0145B000AE8581 /* Football.png in Resources */,
				4580B76F1E03E86F00BA5F9F /* Melon.png in Resources */,
				4580B7761E03E86F00BA5F9F /* Salad.png in Resources */,
				4580B7721E03E86F00BA5F9F /* Pepper.png in Resources */,
				457C6CB31E0145B000AE8581 /* Boxing.png in Resources */,
				4580B75F1E03E86F00BA5F9F /* Banana.png in Resources */,
				4580B77A1E03E86F00BA5F9F /* Tomato.png in Resources */,
				457C6CB71E0145B000AE8581 /* Golf.png in Resources */,
				4580B75D1E03E86F00BA5F9F /* Apple.png in Resources */,
				4580B7611E03E86F00BA5F9F /* Cake.png in Resources */,
				4580B7661E03E86F00BA5F9F /* Corn.png in Resources */,
				457C6CBA1E0145B000AE8581 /* TableTennis.png in Resources */,
				4580B7601E03E86F00BA5F9F /* Bread.png in Resources */,
				4580B7651E03E86F00BA5F9F /* Cookie.png in Resources */,
				4580B72E1E03E86400BA5F9F /* Eye.png in Resources */,
				457C6CAF1E0145B000AE8581 /* Archery.png in Resources */,
				457C6CB41E0145B000AE8581 /* Cycling.png in Resources */,
				4580B7381E03E86400BA5F9F /* Head.png in Resources */,
				4580B72F1E03E86400BA5F9F /* Eyebrow.png in Resources */,
				4580B7361E03E86400BA5F9F /* Hair.png in Resources */,
				4580B76C1E03E86F00BA5F9F /* HotDog.png in Resources */,
			);
			runOnlyForDeploymentPostprocessing = 0;
		};
		457C6C831E0131BB00AE8581 /* Resources */ = {
			isa = PBXResourcesBuildPhase;
			buildActionMask = 2147483647;
			files = (
			);
			runOnlyForDeploymentPostprocessing = 0;
		};
/* End PBXResourcesBuildPhase section */

/* Begin PBXSourcesBuildPhase section */
		457C6C6C1E0131BA00AE8581 /* Sources */ = {
			isa = PBXSourcesBuildPhase;
			buildActionMask = 2147483647;
			files = (
				457C6CA11E01451C00AE8581 /* PlayViewController.swift in Sources */,
				457C6C781E0131BA00AE8581 /* Menu.swift in Sources */,
				45C3BA321E022C62005A19CE /* EndGameViewController.swift in Sources */,
				457C6C961E01330400AE8581 /* OnTapViewController.swift in Sources */,
				457C6C761E0131BA00AE8581 /* AppDelegate.swift in Sources */,
				4580B71C1E03E57400BA5F9F /* PlayModeViewController.swift in Sources */,
			);
			runOnlyForDeploymentPostprocessing = 0;
		};
		457C6C811E0131BB00AE8581 /* Sources */ = {
			isa = PBXSourcesBuildPhase;
			buildActionMask = 2147483647;
			files = (
				457C6C8C1E0131BB00AE8581 /* CuoiKi_TuanTests.swift in Sources */,
			);
			runOnlyForDeploymentPostprocessing = 0;
		};
/* End PBXSourcesBuildPhase section */

/* Begin PBXTargetDependency section */
		457C6C871E0131BB00AE8581 /* PBXTargetDependency */ = {
			isa = PBXTargetDependency;
			target = 457C6C6F1E0131BA00AE8581 /* CuoiKi_Tuan */;
			targetProxy = 457C6C861E0131BB00AE8581 /* PBXContainerItemProxy */;
		};
/* End PBXTargetDependency section */

/* Begin PBXVariantGroup section */
		457C6C7E1E0131BA00AE8581 /* LaunchScreen.xib */ = {
			isa = PBXVariantGroup;
			children = (
				457C6C7F1E0131BA00AE8581 /* Base */,
			);
			name = LaunchScreen.xib;
			sourceTree = "<group>";
		};
/* End PBXVariantGroup section */

/* Begin XCBuildConfiguration section */
		457C6C8D1E0131BB00AE8581 /* Debug */ = {
			isa = XCBuildConfiguration;
			buildSettings = {
				ALWAYS_SEARCH_USER_PATHS = NO;
				CLANG_CXX_LANGUAGE_STANDARD = "gnu++0x";
				CLANG_CXX_LIBRARY = "libc++";
				CLANG_ENABLE_MODULES = YES;
				CLANG_ENABLE_OBJC_ARC = YES;
				CLANG_WARN_BOOL_CONVERSION = YES;
				CLANG_WARN_CONSTANT_CONVERSION = YES;
				CLANG_WARN_DIRECT_OBJC_ISA_USAGE = YES_ERROR;
				CLANG_WARN_EMPTY_BODY = YES;
				CLANG_WARN_ENUM_CONVERSION = YES;
				CLANG_WARN_INT_CONVERSION = YES;
				CLANG_WARN_OBJC_ROOT_CLASS = YES_ERROR;
				CLANG_WARN_UNREACHABLE_CODE = YES;
				CLANG_WARN__DUPLICATE_METHOD_MATCH = YES;
				"CODE_SIGN_IDENTITY[sdk=iphoneos*]" = "iPhone Developer";
				COPY_PHASE_STRIP = NO;
				ENABLE_STRICT_OBJC_MSGSEND = YES;
				GCC_C_LANGUAGE_STANDARD = gnu99;
				GCC_DYNAMIC_NO_PIC = NO;
				GCC_OPTIMIZATION_LEVEL = 0;
				GCC_PREPROCESSOR_DEFINITIONS = (
					"DEBUG=1",
					"$(inherited)",
				);
				GCC_SYMBOLS_PRIVATE_EXTERN = NO;
				GCC_WARN_64_TO_32_BIT_CONVERSION = YES;
				GCC_WARN_ABOUT_RETURN_TYPE = YES_ERROR;
				GCC_WARN_UNDECLARED_SELECTOR = YES;
				GCC_WARN_UNINITIALIZED_AUTOS = YES_AGGRESSIVE;
				GCC_WARN_UNUSED_FUNCTION = YES;
				GCC_WARN_UNUSED_VARIABLE = YES;
				IPHONEOS_DEPLOYMENT_TARGET = 8.1;
				MTL_ENABLE_DEBUG_INFO = YES;
				ONLY_ACTIVE_ARCH = YES;
				SDKROOT = iphoneos;
				SWIFT_OPTIMIZATION_LEVEL = "-Onone";
			};
			name = Debug;
		};
		457C6C8E1E0131BB00AE8581 /* Release */ = {
			isa = XCBuildConfiguration;
			buildSettings = {
				ALWAYS_SEARCH_USER_PATHS = NO;
				CLANG_CXX_LANGUAGE_STANDARD = "gnu++0x";
				CLANG_CXX_LIBRARY = "libc++";
				CLANG_ENABLE_MODULES = YES;
				CLANG_ENABLE_OBJC_ARC = YES;
				CLANG_WARN_BOOL_CONVERSION = YES;
				CLANG_WARN_CONSTANT_CONVERSION = YES;
				CLANG_WARN_DIRECT_OBJC_ISA_USAGE = YES_ERROR;
				CLANG_WARN_EMPTY_BODY = YES;
				CLANG_WARN_ENUM_CONVERSION = YES;
				CLANG_WARN_INT_CONVERSION = YES;
				CLANG_WARN_OBJC_ROOT_CLASS = YES_ERROR;
				CLANG_WARN_UNREACHABLE_CODE = YES;
				CLANG_WARN__DUPLICATE_METHOD_MATCH = YES;
				"CODE_SIGN_IDENTITY[sdk=iphoneos*]" = "iPhone Developer";
				COPY_PHASE_STRIP = YES;
				ENABLE_NS_ASSERTIONS = NO;
				ENABLE_STRICT_OBJC_MSGSEND = YES;
				GCC_C_LANGUAGE_STANDARD = gnu99;
				GCC_WARN_64_TO_32_BIT_CONVERSION = YES;
				GCC_WARN_ABOUT_RETURN_TYPE = YES_ERROR;
				GCC_WARN_UNDECLARED_SELECTOR = YES;
				GCC_WARN_UNINITIALIZED_AUTOS = YES_AGGRESSIVE;
				GCC_WARN_UNUSED_FUNCTION = YES;
				GCC_WARN_UNUSED_VARIABLE = YES;
				IPHONEOS_DEPLOYMENT_TARGET = 8.1;
				MTL_ENABLE_DEBUG_INFO = NO;
				SDKROOT = iphoneos;
				VALIDATE_PRODUCT = YES;
			};
			name = Release;
		};
		457C6C901E0131BB00AE8581 /* Debug */ = {
			isa = XCBuildConfiguration;
			buildSettings = {
				ASSETCATALOG_COMPILER_APPICON_NAME = Tuan_Appicon;
				ASSETCATALOG_COMPILER_LAUNCHIMAGE_NAME = LaunchImage;
				INFOPLIST_FILE = CuoiKi_Tuan/Info.plist;
				LD_RUNPATH_SEARCH_PATHS = "$(inherited) @executable_path/Frameworks";
				PRODUCT_NAME = "$(TARGET_NAME)";
			};
			name = Debug;
		};
		457C6C911E0131BB00AE8581 /* Release */ = {
			isa = XCBuildConfiguration;
			buildSettings = {
				ASSETCATALOG_COMPILER_APPICON_NAME = Tuan_Appicon;
				ASSETCATALOG_COMPILER_LAUNCHIMAGE_NAME = LaunchImage;
				INFOPLIST_FILE = CuoiKi_Tuan/Info.plist;
				LD_RUNPATH_SEARCH_PATHS = "$(inherited) @executable_path/Frameworks";
				PRODUCT_NAME = "$(TARGET_NAME)";
			};
			name = Release;
		};
		457C6C931E0131BB00AE8581 /* Debug */ = {
			isa = XCBuildConfiguration;
			buildSettings = {
				BUNDLE_LOADER = "$(TEST_HOST)";
				FRAMEWORK_SEARCH_PATHS = (
					"$(SDKROOT)/Developer/Library/Frameworks",
					"$(inherited)",
				);
				GCC_PREPROCESSOR_DEFINITIONS = (
					"DEBUG=1",
					"$(inherited)",
				);
				INFOPLIST_FILE = CuoiKi_TuanTests/Info.plist;
				LD_RUNPATH_SEARCH_PATHS = "$(inherited) @executable_path/Frameworks @loader_path/Frameworks";
				PRODUCT_NAME = "$(TARGET_NAME)";
				TEST_HOST = "$(BUILT_PRODUCTS_DIR)/CuoiKi_Tuan.app/CuoiKi_Tuan";
			};
			name = Debug;
		};
		457C6C941E0131BB00AE8581 /* Release */ = {
			isa = XCBuildConfiguration;
			buildSettings = {
				BUNDLE_LOADER = "$(TEST_HOST)";
				FRAMEWORK_SEARCH_PATHS = (
					"$(SDKROOT)/Developer/Library/Frameworks",
					"$(inherited)",
				);
				INFOPLIST_FILE = CuoiKi_TuanTests/Info.plist;
				LD_RUNPATH_SEARCH_PATHS = "$(inherited) @executable_path/Frameworks @loader_path/Frameworks";
				PRODUCT_NAME = "$(TARGET_NAME)";
				TEST_HOST = "$(BUILT_PRODUCTS_DIR)/CuoiKi_Tuan.app/CuoiKi_Tuan";
			};
			name = Release;
		};
/* End XCBuildConfiguration section */

/* Begin XCConfigurationList section */
		457C6C6B1E0131BA00AE8581 /* Build configuration list for PBXProject "CuoiKi_Tuan" */ = {
			isa = XCConfigurationList;
			buildConfigurations = (
				457C6C8D1E0131BB00AE8581 /* Debug */,
				457C6C8E1E0131BB00AE8581 /* Release */,
			);
			defaultConfigurationIsVisible = 0;
			defaultConfigurationName = Release;
		};
		457C6C8F1E0131BB00AE8581 /* Build configuration list for PBXNativeTarget "CuoiKi_Tuan" */ = {
			isa = XCConfigurationList;
			buildConfigurations = (
				457C6C901E0131BB00AE8581 /* Debug */,
				457C6C911E0131BB00AE8581 /* Release */,
			);
			defaultConfigurationIsVisible = 0;
			defaultConfigurationName = Release;
		};
		457C6C921E0131BB00AE8581 /* Build configuration list for PBXNativeTarget "CuoiKi_TuanTests" */ = {
			isa = XCConfigurationList;
			buildConfigurations = (
				457C6C931E0131BB00AE8581 /* Debug */,
				457C6C941E0131BB00AE8581 /* Release */,
			);
			defaultConfigurationIsVisible = 0;
			defaultConfigurationName = Release;
		};
/* End XCConfigurationList section */
	};
	rootObject = 457C6C681E0131BA00AE8581 /* Project object */;
}
